
Microsoft Visual Studio Solution File, Format Version 12.00
# Visual Studio Version 17
VisualStudioVersion = 17.0.31903.59
MinimumVisualStudioVersion = 10.0.40219.1
Project("{2150E333-8FDC-42A3-9474-1A3956D46DE8}") = "src", "src", "{FAE5B184-220F-4282-9496-C904A0118FDD}"
EndProject
Project("{FAE04EC0-301F-11D3-BF4B-00C04F79EFBC}") = "CoreWebAPIAzure", "src\CoreWebAPIAzure\CoreWebAPIAzure.csproj", "{3D842A51-7F51-494C-9BAD-C42FBEA7E873}"
EndProject
Project("{2150E333-8FDC-42A3-9474-1A3956D46DE8}") = "test", "test", "{212EF91C-DA20-4F82-BFBA-E8FEFB674E18}"
EndProject
Project("{FAE04EC0-301F-11D3-BF4B-00C04F79EFBC}") = "CoreWebAPIAzure.Test", "test\CoreWebAPIAzure.Test\CoreWebAPIAzure.Test.csproj", "{6FB66227-AC52-4845-A037-971BD22DA15A}"
EndProject
Global
	GlobalSection(SolutionConfigurationPlatforms) = preSolution
		Debug|Any CPU = Debug|Any CPU
		Release|Any CPU = Release|Any CPU
	EndGlobalSection
	GlobalSection(SolutionProperties) = preSolution
		HideSolutionNode = FALSE
	EndGlobalSection
	GlobalSection(ProjectConfigurationPlatforms) = postSolution
		{3D842A51-7F51-494C-9BAD-C42FBEA7E873}.Debug|Any CPU.ActiveCfg = Debug|Any CPU
		{3D842A51-7F51-494C-9BAD-C42FBEA7E873}.Debug|Any CPU.Build.0 = Debug|Any CPU
		{3D842A51-7F51-494C-9BAD-C42FBEA7E873}.Release|Any CPU.ActiveCfg = Release|Any CPU
		{3D842A51-7F51-494C-9BAD-C42FBEA7E873}.Release|Any CPU.Build.0 = Release|Any CPU
		{6FB66227-AC52-4845-A037-971BD22DA15A}.Debug|Any CPU.ActiveCfg = Debug|Any CPU
		{6FB66227-AC52-4845-A037-971BD22DA15A}.Debug|Any CPU.Build.0 = Debug|Any CPU
		{6FB66227-AC52-4845-A037-971BD22DA15A}.Release|Any CPU.ActiveCfg = Release|Any CPU
		{6FB66227-AC52-4845-A037-971BD22DA15A}.Release|Any CPU.Build.0 = Release|Any CPU
	EndGlobalSection
	GlobalSection(NestedProjects) = preSolution
		{3D842A51-7F51-494C-9BAD-C42FBEA7E873} = {FAE5B184-220F-4282-9496-C904A0118FDD}
		{6FB66227-AC52-4845-A037-971BD22DA15A} = {212EF91C-DA20-4F82-BFBA-E8FEFB674E18}
	EndGlobalSection
EndGlobal
